// !$*UTF8*$!
{
	archiveVersion = 1;
	classes = {
	};
	objectVersion = 56;
	objects = {

/* Begin PBXBuildFile section */
		E52484492B029CDB00B929D8 /* storeApp.swift in Sources */ = {isa = PBXBuildFile; fileRef = E52484482B029CDB00B929D8 /* storeApp.swift */; };
		E524844D2B029CDC00B929D8 /* Assets.xcassets in Resources */ = {isa = PBXBuildFile; fileRef = E524844C2B029CDC00B929D8 /* Assets.xcassets */; };
		E52484502B029CDC00B929D8 /* Preview Assets.xcassets in Resources */ = {isa = PBXBuildFile; fileRef = E524844F2B029CDC00B929D8 /* Preview Assets.xcassets */; };
		E52484582B029D0900B929D8 /* URL+Extensions.swift in Sources */ = {isa = PBXBuildFile; fileRef = E52484572B029D0900B929D8 /* URL+Extensions.swift */; };
		E524845B2B029DE100B929D8 /* StoreHTTPClient.swift in Sources */ = {isa = PBXBuildFile; fileRef = E524845A2B029DE100B929D8 /* StoreHTTPClient.swift */; };
		E524845E2B029E6C00B929D8 /* Category.swift in Sources */ = {isa = PBXBuildFile; fileRef = E524845D2B029E6C00B929D8 /* Category.swift */; };
		E52484602B029FBD00B929D8 /* StoreModel.swift in Sources */ = {isa = PBXBuildFile; fileRef = E524845F2B029FBD00B929D8 /* StoreModel.swift */; };
		E52484632B02A0CF00B929D8 /* CategoryListScreen.swift in Sources */ = {isa = PBXBuildFile; fileRef = E52484622B02A0CF00B929D8 /* CategoryListScreen.swift */; };
		E52484652B02AC1500B929D8 /* Product.swift in Sources */ = {isa = PBXBuildFile; fileRef = E52484642B02AC1500B929D8 /* Product.swift */; };
		E52484672B02ADA300B929D8 /* ProductListScreen.swift in Sources */ = {isa = PBXBuildFile; fileRef = E52484662B02ADA300B929D8 /* ProductListScreen.swift */; };
		E524846A2B02B26100B929D8 /* ProductCell.swift in Sources */ = {isa = PBXBuildFile; fileRef = E52484692B02B26100B929D8 /* ProductCell.swift */; };
		E524846C2B02B39100B929D8 /* Locale+Extensions.swift in Sources */ = {isa = PBXBuildFile; fileRef = E524846B2B02B39100B929D8 /* Locale+Extensions.swift */; };
		E5BE9A8E2B0A8C000013D9EA /* AddProductScreen.swift in Sources */ = {isa = PBXBuildFile; fileRef = E5BE9A8D2B0A8C000013D9EA /* AddProductScreen.swift */; };
		E5BE9A902B0A92940013D9EA /* CreateProduct.swift in Sources */ = {isa = PBXBuildFile; fileRef = E5BE9A8F2B0A92940013D9EA /* CreateProduct.swift */; };
/* End PBXBuildFile section */

/* Begin PBXFileReference section */
		E52484452B029CDB00B929D8 /* store.app */ = {isa = PBXFileReference; explicitFileType = wrapper.application; includeInIndex = 0; path = store.app; sourceTree = BUILT_PRODUCTS_DIR; };
		E52484482B029CDB00B929D8 /* storeApp.swift */ = {isa = PBXFileReference; lastKnownFileType = sourcecode.swift; path = storeApp.swift; sourceTree = "<group>"; };
		E524844C2B029CDC00B929D8 /* Assets.xcassets */ = {isa = PBXFileReference; lastKnownFileType = folder.assetcatalog; path = Assets.xcassets; sourceTree = "<group>"; };
		E524844F2B029CDC00B929D8 /* Preview Assets.xcassets */ = {isa = PBXFileReference; lastKnownFileType = folder.assetcatalog; path = "Preview Assets.xcassets"; sourceTree = "<group>"; };
		E52484572B029D0900B929D8 /* URL+Extensions.swift */ = {isa = PBXFileReference; lastKnownFileType = sourcecode.swift; path = "URL+Extensions.swift"; sourceTree = "<group>"; };
		E524845A2B029DE100B929D8 /* StoreHTTPClient.swift */ = {isa = PBXFileReference; lastKnownFileType = sourcecode.swift; path = StoreHTTPClient.swift; sourceTree = "<group>"; };
		E524845D2B029E6C00B929D8 /* Category.swift */ = {isa = PBXFileReference; lastKnownFileType = sourcecode.swift; path = Category.swift; sourceTree = "<group>"; };
		E524845F2B029FBD00B929D8 /* StoreModel.swift */ = {isa = PBXFileReference; lastKnownFileType = sourcecode.swift; path = StoreModel.swift; sourceTree = "<group>"; };
		E52484622B02A0CF00B929D8 /* CategoryListScreen.swift */ = {isa = PBXFileReference; lastKnownFileType = sourcecode.swift; path = CategoryListScreen.swift; sourceTree = "<group>"; };
		E52484642B02AC1500B929D8 /* Product.swift */ = {isa = PBXFileReference; lastKnownFileType = sourcecode.swift; path = Product.swift; sourceTree = "<group>"; };
		E52484662B02ADA300B929D8 /* ProductListScreen.swift */ = {isa = PBXFileReference; lastKnownFileType = sourcecode.swift; path = ProductListScreen.swift; sourceTree = "<group>"; };
		E52484692B02B26100B929D8 /* ProductCell.swift */ = {isa = PBXFileReference; lastKnownFileType = sourcecode.swift; path = ProductCell.swift; sourceTree = "<group>"; };
		E524846B2B02B39100B929D8 /* Locale+Extensions.swift */ = {isa = PBXFileReference; lastKnownFileType = sourcecode.swift; path = "Locale+Extensions.swift"; sourceTree = "<group>"; };
		E5BE9A8D2B0A8C000013D9EA /* AddProductScreen.swift */ = {isa = PBXFileReference; lastKnownFileType = sourcecode.swift; path = AddProductScreen.swift; sourceTree = "<group>"; };
		E5BE9A8F2B0A92940013D9EA /* CreateProduct.swift */ = {isa = PBXFileReference; lastKnownFileType = sourcecode.swift; path = CreateProduct.swift; sourceTree = "<group>"; };
/* End PBXFileReference section */

/* Begin PBXFrameworksBuildPhase section */
		E52484422B029CDB00B929D8 /* Frameworks */ = {
			isa = PBXFrameworksBuildPhase;
			buildActionMask = 2147483647;
			files = (
			);
			runOnlyForDeploymentPostprocessing = 0;
		};
/* End PBXFrameworksBuildPhase section */

/* Begin PBXGroup section */
		E524843C2B029CDB00B929D8 = {
			isa = PBXGroup;
			children = (
				E52484472B029CDB00B929D8 /* store */,
				E52484462B029CDB00B929D8 /* Products */,
			);
			sourceTree = "<group>";
		};
		E52484462B029CDB00B929D8 /* Products */ = {
			isa = PBXGroup;
			children = (
				E52484452B029CDB00B929D8 /* store.app */,
			);
			name = Products;
			sourceTree = "<group>";
		};
		E52484472B029CDB00B929D8 /* store */ = {
			isa = PBXGroup;
			children = (
				E52484682B02B25500B929D8 /* Views */,
				E52484612B02A0A800B929D8 /* Screens */,
				E524845C2B029E6200B929D8 /* Models */,
				E52484592B029DD100B929D8 /* Clients */,
				E52484562B029CF800B929D8 /* Extensions */,
				E52484482B029CDB00B929D8 /* storeApp.swift */,
				E524844C2B029CDC00B929D8 /* Assets.xcassets */,
				E524844E2B029CDC00B929D8 /* Preview Content */,
			);
			path = store;
			sourceTree = "<group>";
		};
		E524844E2B029CDC00B929D8 /* Preview Content */ = {
			isa = PBXGroup;
			children = (
				E524844F2B029CDC00B929D8 /* Preview Assets.xcassets */,
			);
			path = "Preview Content";
			sourceTree = "<group>";
		};
		E52484562B029CF800B929D8 /* Extensions */ = {
			isa = PBXGroup;
			children = (
				E52484572B029D0900B929D8 /* URL+Extensions.swift */,
				E524846B2B02B39100B929D8 /* Locale+Extensions.swift */,
			);
			path = Extensions;
			sourceTree = "<group>";
		};
		E52484592B029DD100B929D8 /* Clients */ = {
			isa = PBXGroup;
			children = (
				E524845A2B029DE100B929D8 /* StoreHTTPClient.swift */,
			);
			path = Clients;
			sourceTree = "<group>";
		};
		E524845C2B029E6200B929D8 /* Models */ = {
			isa = PBXGroup;
			children = (
				E524845D2B029E6C00B929D8 /* Category.swift */,
				E524845F2B029FBD00B929D8 /* StoreModel.swift */,
				E52484642B02AC1500B929D8 /* Product.swift */,
				E5BE9A8F2B0A92940013D9EA /* CreateProduct.swift */,
			);
			path = Models;
			sourceTree = "<group>";
		};
		E52484612B02A0A800B929D8 /* Screens */ = {
			isa = PBXGroup;
			children = (
				E52484622B02A0CF00B929D8 /* CategoryListScreen.swift */,
				E52484662B02ADA300B929D8 /* ProductListScreen.swift */,
				E5BE9A8D2B0A8C000013D9EA /* AddProductScreen.swift */,
			);
			path = Screens;
			sourceTree = "<group>";
		};
		E52484682B02B25500B929D8 /* Views */ = {
			isa = PBXGroup;
			children = (
				E52484692B02B26100B929D8 /* ProductCell.swift */,
			);
			path = Views;
			sourceTree = "<group>";
		};
/* End PBXGroup section */

/* Begin PBXNativeTarget section */
		E52484442B029CDB00B929D8 /* store */ = {
			isa = PBXNativeTarget;
			buildConfigurationList = E52484532B029CDC00B929D8 /* Build configuration list for PBXNativeTarget "store" */;
			buildPhases = (
				E52484412B029CDB00B929D8 /* Sources */,
				E52484422B029CDB00B929D8 /* Frameworks */,
				E52484432B029CDB00B929D8 /* Resources */,
			);
			buildRules = (
			);
			dependencies = (
			);
			name = store;
			productName = store;
			productReference = E52484452B029CDB00B929D8 /* store.app */;
			productType = "com.apple.product-type.application";
		};
/* End PBXNativeTarget section */

/* Begin PBXProject section */
		E524843D2B029CDB00B929D8 /* Project object */ = {
			isa = PBXProject;
			attributes = {
				BuildIndependentTargetsInParallel = 1;
				LastSwiftUpdateCheck = 1420;
				LastUpgradeCheck = 1420;
				TargetAttributes = {
					E52484442B029CDB00B929D8 = {
						CreatedOnToolsVersion = 14.2;
					};
				};
			};
			buildConfigurationList = E52484402B029CDB00B929D8 /* Build configuration list for PBXProject "store" */;
			compatibilityVersion = "Xcode 14.0";
			developmentRegion = en;
			hasScannedForEncodings = 0;
			knownRegions = (
				en,
				Base,
			);
			mainGroup = E524843C2B029CDB00B929D8;
			productRefGroup = E52484462B029CDB00B929D8 /* Products */;
			projectDirPath = "";
			projectRoot = "";
			targets = (
				E52484442B029CDB00B929D8 /* store */,
			);
		};
/* End PBXProject section */

/* Begin PBXResourcesBuildPhase section */
		E52484432B029CDB00B929D8 /* Resources */ = {
			isa = PBXResourcesBuildPhase;
			buildActionMask = 2147483647;
			files = (
				E52484502B029CDC00B929D8 /* Preview Assets.xcassets in Resources */,
				E524844D2B029CDC00B929D8 /* Assets.xcassets in Resources */,
			);
			runOnlyForDeploymentPostprocessing = 0;
		};
/* End PBXResourcesBuildPhase section */

/* Begin PBXSourcesBuildPhase section */
		E52484412B029CDB00B929D8 /* Sources */ = {
			isa = PBXSourcesBuildPhase;
			buildActionMask = 2147483647;
			files = (
				E524845B2B029DE100B929D8 /* StoreHTTPClient.swift in Sources */,
				E524845E2B029E6C00B929D8 /* Category.swift in Sources */,
				E52484582B029D0900B929D8 /* URL+Extensions.swift in Sources */,
				E52484492B029CDB00B929D8 /* storeApp.swift in Sources */,
				E5BE9A8E2B0A8C000013D9EA /* AddProductScreen.swift in Sources */,
				E52484632B02A0CF00B929D8 /* CategoryListScreen.swift in Sources */,
				E52484602B029FBD00B929D8 /* StoreModel.swift in Sources */,
				E524846A2B02B26100B929D8 /* ProductCell.swift in Sources */,
				E52484652B02AC1500B929D8 /* Product.swift in Sources */,
				E52484672B02ADA300B929D8 /* ProductListScreen.swift in Sources */,
				E524846C2B02B39100B929D8 /* Locale+Extensions.swift in Sources */,
				E5BE9A902B0A92940013D9EA /* CreateProduct.swift in Sources */,
			);
			runOnlyForDeploymentPostprocessing = 0;
		};
/* End PBXSourcesBuildPhase section */

/* Begin XCBuildConfiguration section */
		E52484512B029CDC00B929D8 /* Debug */ = {
			isa = XCBuildConfiguration;
			buildSettings = {
				ALWAYS_SEARCH_USER_PATHS = NO;
				CLANG_ANALYZER_NONNULL = YES;
				CLANG_ANALYZER_NUMBER_OBJECT_CONVERSION = YES_AGGRESSIVE;
				CLANG_CXX_LANGUAGE_STANDARD = "gnu++20";
				CLANG_ENABLE_MODULES = YES;
				CLANG_ENABLE_OBJC_ARC = YES;
				CLANG_ENABLE_OBJC_WEAK = YES;
				CLANG_WARN_BLOCK_CAPTURE_AUTORELEASING = YES;
				CLANG_WARN_BOOL_CONVERSION = YES;
				CLANG_WARN_COMMA = YES;
				CLANG_WARN_CONSTANT_CONVERSION = YES;
				CLANG_WARN_DEPRECATED_OBJC_IMPLEMENTATIONS = YES;
				CLANG_WARN_DIRECT_OBJC_ISA_USAGE = YES_ERROR;
				CLANG_WARN_DOCUMENTATION_COMMENTS = YES;
				CLANG_WARN_EMPTY_BODY = YES;
				CLANG_WARN_ENUM_CONVERSION = YES;
				CLANG_WARN_INFINITE_RECURSION = YES;
				CLANG_WARN_INT_CONVERSION = YES;
				CLANG_WARN_NON_LITERAL_NULL_CONVERSION = YES;
				CLANG_WARN_OBJC_IMPLICIT_RETAIN_SELF = YES;
				CLANG_WARN_OBJC_LITERAL_CONVERSION = YES;
				CLANG_WARN_OBJC_ROOT_CLASS = YES_ERROR;
				CLANG_WARN_QUOTED_INCLUDE_IN_FRAMEWORK_HEADER = YES;
				CLANG_WARN_RANGE_LOOP_ANALYSIS = YES;
				CLANG_WARN_STRICT_PROTOTYPES = YES;
				CLANG_WARN_SUSPICIOUS_MOVE = YES;
				CLANG_WARN_UNGUARDED_AVAILABILITY = YES_AGGRESSIVE;
				CLANG_WARN_UNREACHABLE_CODE = YES;
				CLANG_WARN__DUPLICATE_METHOD_MATCH = YES;
				COPY_PHASE_STRIP = NO;
				DEBUG_INFORMATION_FORMAT = dwarf;
				ENABLE_STRICT_OBJC_MSGSEND = YES;
				ENABLE_TESTABILITY = YES;
				GCC_C_LANGUAGE_STANDARD = gnu11;
				GCC_DYNAMIC_NO_PIC = NO;
				GCC_NO_COMMON_BLOCKS = YES;
				GCC_OPTIMIZATION_LEVEL = 0;
				GCC_PREPROCESSOR_DEFINITIONS = (
					"DEBUG=1",
					"$(inherited)",
				);
				GCC_WARN_64_TO_32_BIT_CONVERSION = YES;
				GCC_WARN_ABOUT_RETURN_TYPE = YES_ERROR;
				GCC_WARN_UNDECLARED_SELECTOR = YES;
				GCC_WARN_UNINITIALIZED_AUTOS = YES_AGGRESSIVE;
				GCC_WARN_UNUSED_FUNCTION = YES;
				GCC_WARN_UNUSED_VARIABLE = YES;
				IPHONEOS_DEPLOYMENT_TARGET = 16.2;
				MTL_ENABLE_DEBUG_INFO = INCLUDE_SOURCE;
				MTL_FAST_MATH = YES;
				ONLY_ACTIVE_ARCH = YES;
				SDKROOT = iphoneos;
				SWIFT_ACTIVE_COMPILATION_CONDITIONS = DEBUG;
				SWIFT_OPTIMIZATION_LEVEL = "-Onone";
			};
			name = Debug;
		};
		E52484522B029CDC00B929D8 /* Release */ = {
			isa = XCBuildConfiguration;
			buildSettings = {
				ALWAYS_SEARCH_USER_PATHS = NO;
				CLANG_ANALYZER_NONNULL = YES;
				CLANG_ANALYZER_NUMBER_OBJECT_CONVERSION = YES_AGGRESSIVE;
				CLANG_CXX_LANGUAGE_STANDARD = "gnu++20";
				CLANG_ENABLE_MODULES = YES;
				CLANG_ENABLE_OBJC_ARC = YES;
				CLANG_ENABLE_OBJC_WEAK = YES;
				CLANG_WARN_BLOCK_CAPTURE_AUTORELEASING = YES;
				CLANG_WARN_BOOL_CONVERSION = YES;
				CLANG_WARN_COMMA = YES;
				CLANG_WARN_CONSTANT_CONVERSION = YES;
				CLANG_WARN_DEPRECATED_OBJC_IMPLEMENTATIONS = YES;
				CLANG_WARN_DIRECT_OBJC_ISA_USAGE = YES_ERROR;
				CLANG_WARN_DOCUMENTATION_COMMENTS = YES;
				CLANG_WARN_EMPTY_BODY = YES;
				CLANG_WARN_ENUM_CONVERSION = YES;
				CLANG_WARN_INFINITE_RECURSION = YES;
				CLANG_WARN_INT_CONVERSION = YES;
				CLANG_WARN_NON_LITERAL_NULL_CONVERSION = YES;
				CLANG_WARN_OBJC_IMPLICIT_RETAIN_SELF = YES;
				CLANG_WARN_OBJC_LITERAL_CONVERSION = YES;
				CLANG_WARN_OBJC_ROOT_CLASS = YES_ERROR;
				CLANG_WARN_QUOTED_INCLUDE_IN_FRAMEWORK_HEADER = YES;
				CLANG_WARN_RANGE_LOOP_ANALYSIS = YES;
				CLANG_WARN_STRICT_PROTOTYPES = YES;
				CLANG_WARN_SUSPICIOUS_MOVE = YES;
				CLANG_WARN_UNGUARDED_AVAILABILITY = YES_AGGRESSIVE;
				CLANG_WARN_UNREACHABLE_CODE = YES;
				CLANG_WARN__DUPLICATE_METHOD_MATCH = YES;
				COPY_PHASE_STRIP = NO;
				DEBUG_INFORMATION_FORMAT = "dwarf-with-dsym";
				ENABLE_NS_ASSERTIONS = NO;
				ENABLE_STRICT_OBJC_MSGSEND = YES;
				GCC_C_LANGUAGE_STANDARD = gnu11;
				GCC_NO_COMMON_BLOCKS = YES;
				GCC_WARN_64_TO_32_BIT_CONVERSION = YES;
				GCC_WARN_ABOUT_RETURN_TYPE = YES_ERROR;
				GCC_WARN_UNDECLARED_SELECTOR = YES;
				GCC_WARN_UNINITIALIZED_AUTOS = YES_AGGRESSIVE;
				GCC_WARN_UNUSED_FUNCTION = YES;
				GCC_WARN_UNUSED_VARIABLE = YES;
				IPHONEOS_DEPLOYMENT_TARGET = 16.2;
				MTL_ENABLE_DEBUG_INFO = NO;
				MTL_FAST_MATH = YES;
				SDKROOT = iphoneos;
				SWIFT_COMPILATION_MODE = wholemodule;
				SWIFT_OPTIMIZATION_LEVEL = "-O";
				VALIDATE_PRODUCT = YES;
			};
			name = Release;
		};
		E52484542B029CDC00B929D8 /* Debug */ = {
			isa = XCBuildConfiguration;
			buildSettings = {
				ASSETCATALOG_COMPILER_APPICON_NAME = AppIcon;
				ASSETCATALOG_COMPILER_GLOBAL_ACCENT_COLOR_NAME = AccentColor;
				CODE_SIGN_STYLE = Automatic;
				CURRENT_PROJECT_VERSION = 1;
				DEVELOPMENT_ASSET_PATHS = "\"store/Preview Content\"";
				ENABLE_PREVIEWS = YES;
				GENERATE_INFOPLIST_FILE = YES;
				INFOPLIST_KEY_UIApplicationSceneManifest_Generation = YES;
				INFOPLIST_KEY_UIApplicationSupportsIndirectInputEvents = YES;
				INFOPLIST_KEY_UILaunchScreen_Generation = YES;
				INFOPLIST_KEY_UISupportedInterfaceOrientations_iPad = "UIInterfaceOrientationPortrait UIInterfaceOrientationPortraitUpsideDown UIInterfaceOrientationLandscapeLeft UIInterfaceOrientationLandscapeRight";
				INFOPLIST_KEY_UISupportedInterfaceOrientations_iPhone = "UIInterfaceOrientationPortrait UIInterfaceOrientationLandscapeLeft UIInterfaceOrientationLandscapeRight";
				LD_RUNPATH_SEARCH_PATHS = (
					"$(inherited)",
					"@executable_path/Frameworks",
				);
				MARKETING_VERSION = 1.0;
				PRODUCT_BUNDLE_IDENTIFIER = com.cembicakci.store;
				PRODUCT_NAME = "$(TARGET_NAME)";
				SWIFT_EMIT_LOC_STRINGS = YES;
				SWIFT_VERSION = 5.0;
				TARGETED_DEVICE_FAMILY = "1,2";
			};
			name = Debug;
		};
		E52484552B029CDC00B929D8 /* Release */ = {
			isa = XCBuildConfiguration;
			buildSettings = {
				ASSETCATALOG_COMPILER_APPICON_NAME = AppIcon;
				ASSETCATALOG_COMPILER_GLOBAL_ACCENT_COLOR_NAME = AccentColor;
				CODE_SIGN_STYLE = Automatic;
				CURRENT_PROJECT_VERSION = 1;
				DEVELOPMENT_ASSET_PATHS = "\"store/Preview Content\"";
				ENABLE_PREVIEWS = YES;
				GENERATE_INFOPLIST_FILE = YES;
				INFOPLIST_KEY_UIApplicationSceneManifest_Generation = YES;
				INFOPLIST_KEY_UIApplicationSupportsIndirectInputEvents = YES;
				INFOPLIST_KEY_UILaunchScreen_Generation = YES;
				INFOPLIST_KEY_UISupportedInterfaceOrientations_iPad = "UIInterfaceOrientationPortrait UIInterfaceOrientationPortraitUpsideDown UIInterfaceOrientationLandscapeLeft UIInterfaceOrientationLandscapeRight";
				INFOPLIST_KEY_UISupportedInterfaceOrientations_iPhone = "UIInterfaceOrientationPortrait UIInterfaceOrientationLandscapeLeft UIInterfaceOrientationLandscapeRight";
				LD_RUNPATH_SEARCH_PATHS = (
					"$(inherited)",
					"@executable_path/Frameworks",
				);
				MARKETING_VERSION = 1.0;
				PRODUCT_BUNDLE_IDENTIFIER = com.cembicakci.store;
				PRODUCT_NAME = "$(TARGET_NAME)";
				SWIFT_EMIT_LOC_STRINGS = YES;
				SWIFT_VERSION = 5.0;
				TARGETED_DEVICE_FAMILY = "1,2";
			};
			name = Release;
		};
/* End XCBuildConfiguration section */

/* Begin XCConfigurationList section */
		E52484402B029CDB00B929D8 /* Build configuration list for PBXProject "store" */ = {
			isa = XCConfigurationList;
			buildConfigurations = (
				E52484512B029CDC00B929D8 /* Debug */,
				E52484522B029CDC00B929D8 /* Release */,
			);
			defaultConfigurationIsVisible = 0;
			defaultConfigurationName = Release;
		};
		E52484532B029CDC00B929D8 /* Build configuration list for PBXNativeTarget "store" */ = {
			isa = XCConfigurationList;
			buildConfigurations = (
				E52484542B029CDC00B929D8 /* Debug */,
				E52484552B029CDC00B929D8 /* Release */,
			);
			defaultConfigurationIsVisible = 0;
			defaultConfigurationName = Release;
		};
/* End XCConfigurationList section */
	};
	rootObject = E524843D2B029CDB00B929D8 /* Project object */;
}
